{
    "_meta": {
        "hash": {
            "sha256": "182e97d894b21cc4d6cf59b9b01859eae59d2f3d7f2459b680162ebcc3be8f4f"
        },
        "pipfile-spec": 6,
        "requires": {
            "python_version": "3.11"
        },
        "sources": [
            {
                "name": "pypi",
                "url": "https://pypi.org/simple",
                "verify_ssl": true
            }
        ]
    },
    "default": {
        "cassandra-driver": {
            "hashes": [
                "sha256:0dd9511fe5b85010e92199f6589e0733ab14ed3d2279dcc6ae504c0cef11d652",
                "sha256:212eb39ca99ab5960eb5c31ce279b61e075df02ac7a6209415982a3f8cfe1126",
                "sha256:26cbdb0d04f749b78bf7de17fd6a713b90430d1c70d8aa442845d51db823b9eb",
                "sha256:28c636239b15944103df18a12ef95e6401ceadd7b9aca2d59f4beccf9ca21e2d",
                "sha256:35aef74e2a593a969b77a3fcf02d27e9b82a078d9aa66caa3bd2d2583c46a82c",
                "sha256:3694c1e19d310668f5a60c16511fb12c3ad4c387d089a8080b74239a916620fb",
                "sha256:36d844ba0089111858fad3c53897b0fea7c91cedd8bd205eeb82fe22fd60e748",
                "sha256:3820a421fb7e4cf215718dc35522869c5f933d4fd4c50fd43307d3ce5d9dd138",
                "sha256:46433de332b8ef59ad44140f287b584303b90111cf6f355ec8c990830135dd21",
                "sha256:48f20e0d21b6c7406dfd8a4d9e07fddc3c7c3d6ad7d5b5d480bf82aac7068739",
                "sha256:4a101114a7d93505ee79272edc82dba0cfc706172ad7948a6e4fb3dc1eb8b59c",
                "sha256:59050666423c4ffdda9626676c18cce83a71c8331dd3d99f6b9306e0941348cf",
                "sha256:5e6213f10d58b05a6120bcff4f479d89c152d3f4ba43b3bda3283ee67c3abe23",
                "sha256:5f05495ccabe5be046bb9f1c2cc3e3ff696a94fd4f2f2b1004c951e56b1ea38d",
                "sha256:634a553a5309a9faa08c3256fe0237ff0308152210211f3b8eab0664335560e0",
                "sha256:64ff130d19f994b80997c14343a8306be52a0e7ab92520a534eed944c88d70df",
                "sha256:777f60ed821ec43d5b3f7a65eaf02decbd9cbc11e32f2099bfe9d7a6bfe33da9",
                "sha256:887f7e3df9b34b41de6dfdd5f2ef8804c2d9782bbc39202eda9d3b67a3c8fe37",
                "sha256:8b51805d57ff6ed73a95c83c25d0479391da28c765c2bf019ee1370d8ca64cd0",
                "sha256:9232434459303b0e1a26fa65006fd8438475037aef4e6204a32dfaeb10e7f739",
                "sha256:9f5690b7b121e82c4365d298bd49dc574ecd8eed3ec0bafdf43fce708f2f992b",
                "sha256:a5e8b066f816868b344c108f34acc04b53c44caed2cdbcfe08ebdcbc1fd35046",
                "sha256:a665841c15f2fade6b00a8404d3424fed8757971b75e791b69bfedacc4753f7c",
                "sha256:a8cceb2cc658b3ebf28873f84aab4f28bbd5df23a6528a5b38ecf89a45232509",
                "sha256:ae8c8e9a46e1b0174ace1e836d4ea97292aa6de509db0def0f816322468fb430",
                "sha256:b867c49c3c9efa21923845456cfb3e81ad13a33e40eb20279f58b3642d54614f",
                "sha256:c3bf6bacb60dc8d1b8ba5ddd7d35772e3b98da951aed6bb148827aa9c38cd009",
                "sha256:c8d934cb7eac6586823a7eb69d40019154fd8e7d640bfaed49ac7edc373578df",
                "sha256:d09c8b0b392064054656050448dece04e4fa890af3c677a2f2034af14983ceb5",
                "sha256:d5e8cf7db955b113f51274f166be9db0f0a06620c894abc41159828f0aeda259",
                "sha256:e2342420bae4f80587e2ddebb38ade448c9ab1d210787a8030c1c04f54ef4a84",
                "sha256:e383aff200b7194d0d5625bf162bbc8471d05db7163c546341e5f27b36b53134",
                "sha256:f1dc54edf3b664dc8e45a9c8fed163dacbad8bc92c788c84a371ccb700e18638",
                "sha256:fe302940780932d83414ad5282c8a6bd72b248f3b1fceff995f28c77a6ebc925"
            ],
            "index": "pypi",
            "version": "==3.28.0"
        },
        "click": {
            "hashes": [
                "sha256:ae74fb96c20a0277a1d615f1e4d73c8414f5a98db8b799a7931d1582f3390c28",
                "sha256:ca9853ad459e787e2192211578cc907e7594e294c7ccc834310722b41b9ca6de"
            ],
            "markers": "python_version >= '3.7'",
            "version": "==8.1.7"
        },
        "geomet": {
            "hashes": [
                "sha256:87ae0fc42e532b9e98969c0bbf895a5e0b2bb4f6f775cf51a74e6482f1f35c2b",
                "sha256:91d754f7c298cbfcabd3befdb69c641c27fe75e808b27aa55028605761d17e95",
                "sha256:a41a1e336b381416d6cbed7f1745c848e91defaa4d4c1bdc1312732e46ffad2b"
            ],
            "markers": "python_version >= '2.7' and python_version != '3.3' and python_version < '4'",
            "version": "==0.2.1.post1"
        },
        "mysql-connector-python": {
            "hashes": [
                "sha256:230a34df2f3c4f36acf426361914b8552f129538a5e2256d489dca2b39f2f031",
                "sha256:26e19a4469276870ccc0a04db30c534519f0f774a5949370ff0dc03e7cfc071c",
                "sha256:37ca26d7b10580b836f038d42f21ba9e6c88542868d50f55defdbd2dc8e0c0e6",
                "sha256:4828a08b738174cacb0985df01120e0a2f0ba534c9d2f67d6613b0930a0fe3cd",
                "sha256:4b2de9dd56de4874c30364023b59991399222cf73ec744da590cf9eef2623c26",
                "sha256:539300944c36566e91d131e106dbf0a90cde697ba88247a820f5af9caea2e5c2",
                "sha256:55a58e57824b03f31befdd460b1dd173a05605bfac25278cd9845f3927c94399",
                "sha256:59d4ea8253edbca7cbd1ac25ed524fcf5d8e34ee7ef5fb1be9e3026852b88126",
                "sha256:5d1e1399a9feb45fc8caca6168ff35d31a8124693f24391153764bccc61d15ad",
                "sha256:66d755b94f547d6fcdee9f2256805a4534103363e35d185d3800bfc5274e1f4f",
                "sha256:6ac2c0d9c0248df8a62a736ae9024e1934acdbdf9ce3b2ab57b2a99c1da5f028",
                "sha256:717472cab0c4d5000cf60797be4d453b60d9ec98ec446c1e3c399fdd43941cb9",
                "sha256:81ac2e409b604bcf2ae6e18bc477f8f6e509ea5004c8dba291afe3d2591f0a3f",
                "sha256:858490bb450b6ae45f415d2205d65a12e84e3445c7b9736e1d1552b685bf237a",
                "sha256:86e30370b6c38a9aaeae042eade5eea95000f6eb93b3802a8a215750a29a48c1",
                "sha256:877076f2d71d268fb1b334c85a20ef1d42096ceb6580b25229be4510ebf5a0c5",
                "sha256:884eba07b4c97edf552a03f5fdca145e0ab4afc3d8677cca20276effca1bea54",
                "sha256:8c3ed071e19981e8e4ae64c1e3ded050571637a8d519669c03be5e1029c04ef7",
                "sha256:98606e893bc2343ccc9254f248e4bd5bae18cb03bf4931f3b1657900cd647718",
                "sha256:9d598cc854d1b61eabad7cbf003cfe59970aae80384f5ff18a5cc3fba7becdcc",
                "sha256:a0308455462d4078baf516255662a46611eb12fc8d83d40dea38df3032d2566d",
                "sha256:b3f64b1fd2de2e8ed5c9ddd388efce8c6804a8633e18dbb45563a6ae61fbc45b",
                "sha256:df033ca9c76f3a7c3500baea109127bc872c79431e9de691ffce4c2878af2828",
                "sha256:e0b8af0d8c56619875dee4168b1bf77e17a4c1c5e1df935623d264729df70227",
                "sha256:e33677bcf6c2bdee7f25f3b38da7a204ab761e3b6763cbb2a413a5300c151059",
                "sha256:e9eacdc3fa5f61276c1549ca7c471a6fde576692881a70dcbac8258314015347"
            ],
            "index": "pypi",
            "markers": "python_version >= '3.8'",
            "version": "==8.2.0"
        },
        "protobuf": {
            "hashes": [
                "sha256:1f22ac0ca65bb70a876060d96d914dae09ac98d114294f77584b0d2644fa9c30",
                "sha256:237216c3326d46808a9f7c26fd1bd4b20015fb6867dc5d263a493ef9a539293b",
                "sha256:27f4d15021da6d2b706ddc3860fac0a5ddaba34ab679dc182b60a8bb4e1121cc",
                "sha256:299ea899484ee6f44604deb71f424234f654606b983cb496ea2a53e3c63ab791",
                "sha256:3d164928ff0727d97022957c2b849250ca0e64777ee31efd7d6de2e07c494717",
                "sha256:6ab80df09e3208f742c98443b6166bcb70d65f52cfeb67357d52032ea1ae9bec",
                "sha256:78a28c9fa223998472886c77042e9b9afb6fe4242bd2a2a5aced88e3f4422aa7",
                "sha256:7cd532c4566d0e6feafecc1059d04c7915aec8e182d1cf7adee8b24ef1e2e6ab",
                "sha256:89f9149e4a0169cddfc44c74f230d7743002e3aa0b9472d8c28f0388102fc4c2",
                "sha256:a53fd3f03e578553623272dc46ac2f189de23862e68565e83dde203d41b76fc5",
                "sha256:b135410244ebe777db80298297a97fbb4c862c881b4403b71bac9d4107d61fd1",
                "sha256:b98d0148f84e3a3c569e19f52103ca1feacdac0d2df8d6533cf983d1fda28462",
                "sha256:d1736130bce8cf131ac7957fa26880ca19227d4ad68b4888b3be0dea1f95df97",
                "sha256:f45460f9ee70a0ec1b6694c6e4e348ad2019275680bd68a1d9314b8c7e01e574"
            ],
            "markers": "python_version >= '3.7'",
            "version": "==4.21.12"
        },
        "six": {
            "hashes": [
                "sha256:1e61c37477a1626458e36f7b1d82aa5c9b094fa4802892072e49de9c60c4c926",
                "sha256:8abb2f1d86890a2dfb989f9a77cfcfd3e47c2a354b01111771326f8aa26e0254"
            ],
            "markers": "python_version >= '2.7' and python_version not in '3.0, 3.1, 3.2, 3.3'",
            "version": "==1.16.0"
        }
    },
    "develop": {}
}
